
Microsoft Visual Studio Solution File, Format Version 12.00
# Visual Studio 15
VisualStudioVersion = 15.0.27703.2026
MinimumVisualStudioVersion = 10.0.40219.1
Project("{FAE04EC0-301F-11D3-BF4B-00C04F79EFBC}") = "dailyReport", "dailyReport\dailyReport.csproj", "{97F8E167-E2D3-4FFC-B2B5-8394D5374801}"
EndProject
Global
	GlobalSection(SolutionConfigurationPlatforms) = preSolution
		Debug|Any CPU = Debug|Any CPU
		Release|Any CPU = Release|Any CPU
	EndGlobalSection
	GlobalSection(ProjectConfigurationPlatforms) = postSolution
		{97F8E167-E2D3-4FFC-B2B5-8394D5374801}.Debug|Any CPU.ActiveCfg = Debug|Any CPU
		{97F8E167-E2D3-4FFC-B2B5-8394D5374801}.Debug|Any CPU.Build.0 = Debug|Any CPU
		{97F8E167-E2D3-4FFC-B2B5-8394D5374801}.Release|Any CPU.ActiveCfg = Release|Any CPU
		{97F8E167-E2D3-4FFC-B2B5-8394D5374801}.Release|Any CPU.Build.0 = Release|Any CPU
	EndGlobalSection
	GlobalSection(SolutionProperties) = preSolution
		HideSolutionNode = FALSE
	EndGlobalSection
	GlobalSection(ExtensibilityGlobals) = postSolution
		SolutionGuid = {79D8317F-871D-4B98-9280-992B148121D6}
	EndGlobalSection
EndGlobal
