
Microsoft Visual Studio Solution File, Format Version 12.00
# Visual Studio 15
VisualStudioVersion = 15.0.27703.2026
MinimumVisualStudioVersion = 10.0.40219.1
Project("{FAE04EC0-301F-11D3-BF4B-00C04F79EFBC}") = "booleanASPpage37", "booleanASPpage37\booleanASPpage37.csproj", "{F1CC8D30-A16A-4325-A06B-5992DD5AF806}"
EndProject
Global
	GlobalSection(SolutionConfigurationPlatforms) = preSolution
		Debug|Any CPU = Debug|Any CPU
		Release|Any CPU = Release|Any CPU
	EndGlobalSection
	GlobalSection(ProjectConfigurationPlatforms) = postSolution
		{F1CC8D30-A16A-4325-A06B-5992DD5AF806}.Debug|Any CPU.ActiveCfg = Debug|Any CPU
		{F1CC8D30-A16A-4325-A06B-5992DD5AF806}.Debug|Any CPU.Build.0 = Debug|Any CPU
		{F1CC8D30-A16A-4325-A06B-5992DD5AF806}.Release|Any CPU.ActiveCfg = Release|Any CPU
		{F1CC8D30-A16A-4325-A06B-5992DD5AF806}.Release|Any CPU.Build.0 = Release|Any CPU
	EndGlobalSection
	GlobalSection(SolutionProperties) = preSolution
		HideSolutionNode = FALSE
	EndGlobalSection
	GlobalSection(ExtensibilityGlobals) = postSolution
		SolutionGuid = {B9FE76B5-1A5C-4862-92DB-0E07EECC941E}
	EndGlobalSection
EndGlobal
