
Microsoft Visual Studio Solution File, Format Version 12.00
# Visual Studio 15
VisualStudioVersion = 15.0.27703.2026
MinimumVisualStudioVersion = 10.0.40219.1
Project("{FAE04EC0-301F-11D3-BF4B-00C04F79EFBC}") = "textFile", "textFile\textFile.csproj", "{DFA8E630-C24D-45D3-8D9A-BE434D25D32C}"
EndProject
Global
	GlobalSection(SolutionConfigurationPlatforms) = preSolution
		Debug|Any CPU = Debug|Any CPU
		Release|Any CPU = Release|Any CPU
	EndGlobalSection
	GlobalSection(ProjectConfigurationPlatforms) = postSolution
		{DFA8E630-C24D-45D3-8D9A-BE434D25D32C}.Debug|Any CPU.ActiveCfg = Debug|Any CPU
		{DFA8E630-C24D-45D3-8D9A-BE434D25D32C}.Debug|Any CPU.Build.0 = Debug|Any CPU
		{DFA8E630-C24D-45D3-8D9A-BE434D25D32C}.Release|Any CPU.ActiveCfg = Release|Any CPU
		{DFA8E630-C24D-45D3-8D9A-BE434D25D32C}.Release|Any CPU.Build.0 = Release|Any CPU
	EndGlobalSection
	GlobalSection(SolutionProperties) = preSolution
		HideSolutionNode = FALSE
	EndGlobalSection
	GlobalSection(ExtensibilityGlobals) = postSolution
		SolutionGuid = {B4FBC3ED-55B0-469C-BEED-20C7B6DE9F41}
	EndGlobalSection
EndGlobal
