
Microsoft Visual Studio Solution File, Format Version 12.00
# Visual Studio 15
VisualStudioVersion = 15.0.27703.2026
MinimumVisualStudioVersion = 10.0.40219.1
Project("{FAE04EC0-301F-11D3-BF4B-00C04F79EFBC}") = "GitHub139", "GitHub139\GitHub139.csproj", "{79454562-5480-4A45-A5B2-B04881EDCB82}"
EndProject
Global
	GlobalSection(SolutionConfigurationPlatforms) = preSolution
		Debug|Any CPU = Debug|Any CPU
		Release|Any CPU = Release|Any CPU
	EndGlobalSection
	GlobalSection(ProjectConfigurationPlatforms) = postSolution
		{79454562-5480-4A45-A5B2-B04881EDCB82}.Debug|Any CPU.ActiveCfg = Debug|Any CPU
		{79454562-5480-4A45-A5B2-B04881EDCB82}.Debug|Any CPU.Build.0 = Debug|Any CPU
		{79454562-5480-4A45-A5B2-B04881EDCB82}.Release|Any CPU.ActiveCfg = Release|Any CPU
		{79454562-5480-4A45-A5B2-B04881EDCB82}.Release|Any CPU.Build.0 = Release|Any CPU
	EndGlobalSection
	GlobalSection(SolutionProperties) = preSolution
		HideSolutionNode = FALSE
	EndGlobalSection
	GlobalSection(ExtensibilityGlobals) = postSolution
		SolutionGuid = {75760C97-16B3-43F8-AB74-1A2F179E7DBD}
	EndGlobalSection
EndGlobal
