
Microsoft Visual Studio Solution File, Format Version 12.00
# Visual Studio 15
VisualStudioVersion = 15.0.27703.2026
MinimumVisualStudioVersion = 10.0.40219.1
Project("{FAE04EC0-301F-11D3-BF4B-00C04F79EFBC}") = "GitHub133", "GitHub133\GitHub133.csproj", "{2889F1B9-89DC-4BFD-8EFB-304803275C1D}"
EndProject
Global
	GlobalSection(SolutionConfigurationPlatforms) = preSolution
		Debug|Any CPU = Debug|Any CPU
		Release|Any CPU = Release|Any CPU
	EndGlobalSection
	GlobalSection(ProjectConfigurationPlatforms) = postSolution
		{2889F1B9-89DC-4BFD-8EFB-304803275C1D}.Debug|Any CPU.ActiveCfg = Debug|Any CPU
		{2889F1B9-89DC-4BFD-8EFB-304803275C1D}.Debug|Any CPU.Build.0 = Debug|Any CPU
		{2889F1B9-89DC-4BFD-8EFB-304803275C1D}.Release|Any CPU.ActiveCfg = Release|Any CPU
		{2889F1B9-89DC-4BFD-8EFB-304803275C1D}.Release|Any CPU.Build.0 = Release|Any CPU
	EndGlobalSection
	GlobalSection(SolutionProperties) = preSolution
		HideSolutionNode = FALSE
	EndGlobalSection
	GlobalSection(ExtensibilityGlobals) = postSolution
		SolutionGuid = {290A5701-6E4B-414D-A938-D5B2F45AB252}
	EndGlobalSection
EndGlobal
